
Microsoft Visual Studio Solution File, Format Version 12.00
# Visual Studio Version 17
VisualStudioVersion = 17.9.34622.214
MinimumVisualStudioVersion = 10.0.40219.1
Project("{FAE04EC0-301F-11D3-BF4B-00C04F79EFBC}") = "kelime_dizisi", "kelime_dizisi\kelime_dizisi.csproj", "{3D1E888D-08FE-473D-B2EC-A18ED503241F}"
EndProject
Global
	GlobalSection(SolutionConfigurationPlatforms) = preSolution
		Debug|Any CPU = Debug|Any CPU
		Release|Any CPU = Release|Any CPU
	EndGlobalSection
	GlobalSection(ProjectConfigurationPlatforms) = postSolution
		{3D1E888D-08FE-473D-B2EC-A18ED503241F}.Debug|Any CPU.ActiveCfg = Debug|Any CPU
		{3D1E888D-08FE-473D-B2EC-A18ED503241F}.Debug|Any CPU.Build.0 = Debug|Any CPU
		{3D1E888D-08FE-473D-B2EC-A18ED503241F}.Release|Any CPU.ActiveCfg = Release|Any CPU
		{3D1E888D-08FE-473D-B2EC-A18ED503241F}.Release|Any CPU.Build.0 = Release|Any CPU
	EndGlobalSection
	GlobalSection(SolutionProperties) = preSolution
		HideSolutionNode = FALSE
	EndGlobalSection
	GlobalSection(ExtensibilityGlobals) = postSolution
		SolutionGuid = {45452B45-6E39-4D44-B62F-50543AC0B04A}
	EndGlobalSection
EndGlobal
