
Microsoft Visual Studio Solution File, Format Version 12.00
# Visual Studio Version 17
VisualStudioVersion = 17.9.34622.214
MinimumVisualStudioVersion = 10.0.40219.1
Project("{FAE04EC0-301F-11D3-BF4B-00C04F79EFBC}") = "dizi_islemler_4", "dizi_islemler_4\dizi_islemler_4.csproj", "{1993BC29-6006-4750-BF4F-FB29B1E2E7A5}"
EndProject
Global
	GlobalSection(SolutionConfigurationPlatforms) = preSolution
		Debug|Any CPU = Debug|Any CPU
		Release|Any CPU = Release|Any CPU
	EndGlobalSection
	GlobalSection(ProjectConfigurationPlatforms) = postSolution
		{1993BC29-6006-4750-BF4F-FB29B1E2E7A5}.Debug|Any CPU.ActiveCfg = Debug|Any CPU
		{1993BC29-6006-4750-BF4F-FB29B1E2E7A5}.Debug|Any CPU.Build.0 = Debug|Any CPU
		{1993BC29-6006-4750-BF4F-FB29B1E2E7A5}.Release|Any CPU.ActiveCfg = Release|Any CPU
		{1993BC29-6006-4750-BF4F-FB29B1E2E7A5}.Release|Any CPU.Build.0 = Release|Any CPU
	EndGlobalSection
	GlobalSection(SolutionProperties) = preSolution
		HideSolutionNode = FALSE
	EndGlobalSection
	GlobalSection(ExtensibilityGlobals) = postSolution
		SolutionGuid = {B2F7259E-1B7E-483A-80E2-5919440BCB70}
	EndGlobalSection
EndGlobal
