
Microsoft Visual Studio Solution File, Format Version 12.00
# Visual Studio Version 17
VisualStudioVersion = 17.9.34622.214
MinimumVisualStudioVersion = 10.0.40219.1
Project("{FAE04EC0-301F-11D3-BF4B-00C04F79EFBC}") = "dizi_uzerinde_islemler", "dizi_uzerinde_islemler\dizi_uzerinde_islemler.csproj", "{CDF9A339-B323-4C56-9570-890332EE1067}"
EndProject
Global
	GlobalSection(SolutionConfigurationPlatforms) = preSolution
		Debug|Any CPU = Debug|Any CPU
		Release|Any CPU = Release|Any CPU
	EndGlobalSection
	GlobalSection(ProjectConfigurationPlatforms) = postSolution
		{CDF9A339-B323-4C56-9570-890332EE1067}.Debug|Any CPU.ActiveCfg = Debug|Any CPU
		{CDF9A339-B323-4C56-9570-890332EE1067}.Debug|Any CPU.Build.0 = Debug|Any CPU
		{CDF9A339-B323-4C56-9570-890332EE1067}.Release|Any CPU.ActiveCfg = Release|Any CPU
		{CDF9A339-B323-4C56-9570-890332EE1067}.Release|Any CPU.Build.0 = Release|Any CPU
	EndGlobalSection
	GlobalSection(SolutionProperties) = preSolution
		HideSolutionNode = FALSE
	EndGlobalSection
	GlobalSection(ExtensibilityGlobals) = postSolution
		SolutionGuid = {D1BDBB7D-1C2A-4C60-9B94-B412891CF644}
	EndGlobalSection
EndGlobal
